
Microsoft Visual Studio Solution File, Format Version 12.00
Project("{FAE04EC0-301F-11D3-BF4B-00C04F79EFBC}") = "ShowTime", "ShowTime\ShowTime\ShowTime.csproj", "{58AC2113-B24D-4585-8182-E23958180F1D}"
EndProject
Project("{FAE04EC0-301F-11D3-BF4B-00C04F79EFBC}") = "ShowTime.Client", "ShowTime\ShowTime.Client\ShowTime.Client.csproj", "{2ACEA8D3-E6C9-4A37-BE01-F826E85F4C67}"
EndProject
Global
	GlobalSection(SolutionConfigurationPlatforms) = preSolution
		Debug|Any CPU = Debug|Any CPU
		Release|Any CPU = Release|Any CPU
	EndGlobalSection
	GlobalSection(ProjectConfigurationPlatforms) = postSolution
		{58AC2113-B24D-4585-8182-E23958180F1D}.Debug|Any CPU.ActiveCfg = Debug|Any CPU
		{58AC2113-B24D-4585-8182-E23958180F1D}.Debug|Any CPU.Build.0 = Debug|Any CPU
		{58AC2113-B24D-4585-8182-E23958180F1D}.Release|Any CPU.ActiveCfg = Release|Any CPU
		{58AC2113-B24D-4585-8182-E23958180F1D}.Release|Any CPU.Build.0 = Release|Any CPU
		{2ACEA8D3-E6C9-4A37-BE01-F826E85F4C67}.Debug|Any CPU.ActiveCfg = Debug|Any CPU
		{2ACEA8D3-E6C9-4A37-BE01-F826E85F4C67}.Debug|Any CPU.Build.0 = Debug|Any CPU
		{2ACEA8D3-E6C9-4A37-BE01-F826E85F4C67}.Release|Any CPU.ActiveCfg = Release|Any CPU
		{2ACEA8D3-E6C9-4A37-BE01-F826E85F4C67}.Release|Any CPU.Build.0 = Release|Any CPU
	EndGlobalSection
EndGlobal
